{
  "originHash" : "ac82f76ed6d597d98094eb0ad92528d1537a7a9e4fc8657bf9830a0b437b23a5",
  "pins" : [
    {
      "identity" : "clp",
      "kind" : "remoteSourceControl",
      "location" : "https://github.com/theogscott/Clp",
      "state" : {
        "branch" : "SPM",
        "revision" : "79080d444a668c2ade633b9a25266d62391c3c19"
      }
    },
    {
      "identity" : "coinutils",
      "kind" : "remoteSourceControl",
      "location" : "https://github.com/theogscott/CoinUtils",
      "state" : {
        "branch" : "SPM",
        "revision" : "0ad234b9079d261670f9e09fd5d9f40b299f577f"
      }
    },
    {
      "identity" : "osi",
      "kind" : "remoteSourceControl",
      "location" : "https://github.com/theogscott/Osi",
      "state" : {
        "branch" : "SPM",
        "revision" : "09e567c10eaa1e4cb8e30e29e49af8d22b75d931"
      }
    }
  ],
  "version" : 3
}
